
Microsoft Visual Studio Solution File, Format Version 12.00
# Visual Studio Version 17
VisualStudioVersion = 17.6.33723.286
MinimumVisualStudioVersion = 10.0.40219.1
Project("{9A19103F-16F7-4668-BE54-9A1E7A4F7556}") = "E01.MonsterExtermination", "E01.MonsterExtermination\E01.MonsterExtermination.csproj", "{C24ABA1F-F918-4803-AFDB-81C1EBD73B2A}"
EndProject
Project("{9A19103F-16F7-4668-BE54-9A1E7A4F7556}") = "E01.Bombs", "E01.Bombs\E01.Bombs.csproj", "{228E2B61-4A76-4C47-99E6-55810011FE35}"
EndProject
Project("{9A19103F-16F7-4668-BE54-9A1E7A4F7556}") = "E02.Snake", "E02.Snake\E02.Snake.csproj", "{D1626824-65B9-4519-8C9D-E82DAC30EE83}"
EndProject
Project("{9A19103F-16F7-4668-BE54-9A1E7A4F7556}") = "E02.SuperMario", "E02.SuperMario\E02.SuperMario.csproj", "{E5CFBAB6-7707-4BF7-A5FB-BE03DC28AD4F}"
EndProject
Project("{9A19103F-16F7-4668-BE54-9A1E7A4F7556}") = "CocktailParty", "CocktailParty\CocktailParty.csproj", "{6D7DE030-81E3-44F6-BD31-A7282EC6D782}"
EndProject
Project("{9A19103F-16F7-4668-BE54-9A1E7A4F7556}") = "E01.WarmWinter", "E01.WarmWinter\E01.WarmWinter.csproj", "{6BD7BA5F-A358-485D-9402-EBA58174C181}"
EndProject
Project("{9A19103F-16F7-4668-BE54-9A1E7A4F7556}") = "E02.DeliveryBoy", "E02.DeliveryBoy\E02.DeliveryBoy.csproj", "{90720DB6-13B5-44AD-8AE7-3D949F9BB6C9}"
EndProject
Project("{9A19103F-16F7-4668-BE54-9A1E7A4F7556}") = "E02.ReVolt", "E02.ReVolt\E02.ReVolt.csproj", "{F2B0D55F-1A46-4FB7-8730-7976F91ECA2A}"
EndProject
Project("{9A19103F-16F7-4668-BE54-9A1E7A4F7556}") = "E01.LootBox", "E01.LootBox\E01.LootBox.csproj", "{B7933841-4B8D-495A-8231-AE12C5BF7C82}"
EndProject
Project("{9A19103F-16F7-4668-BE54-9A1E7A4F7556}") = "Guild", "Guild\Guild.csproj", "{FC2C7A67-C304-4032-A107-92FD989DFA31}"
EndProject
Project("{9A19103F-16F7-4668-BE54-9A1E7A4F7556}") = "E01.FoodFinder", "E01.FoodFinder\E01.FoodFinder.csproj", "{3484910E-2C2D-4221-9CAD-F5046534738D}"
EndProject
Project("{9A19103F-16F7-4668-BE54-9A1E7A4F7556}") = "E02.PawnWars", "E02.PawnWars\E02.PawnWars.csproj", "{1630B28E-71E1-4205-AC5F-06101B985667}"
EndProject
Project("{FAE04EC0-301F-11D3-BF4B-00C04F79EFBC}") = "E01.TempleOfDoom", "E01.TempleOfDoom\E01.TempleOfDoom.csproj", "{8811C9DF-D5E8-43A6-81D8-E6F77EA79A34}"
EndProject
Project("{FAE04EC0-301F-11D3-BF4B-00C04F79EFBC}") = "E02.MouseInTheKitchen", "E02.MouseInTheKitchen\E02.MouseInTheKitchen.csproj", "{096F992A-D648-4FE1-94C1-860A08DABAB3}"
EndProject
Project("{FAE04EC0-301F-11D3-BF4B-00C04F79EFBC}") = "AutomotiveRepairShop", "AutomotiveRepairShop\AutomotiveRepairShop.csproj", "{136783B4-5A63-4C24-A404-FD34FF005948}"
EndProject
Project("{FAE04EC0-301F-11D3-BF4B-00C04F79EFBC}") = "VendingSystem", "VendingSystem\VendingSystem.csproj", "{9F53222C-79B1-41BD-A37B-35E85EBD021F}"
EndProject
Project("{FAE04EC0-301F-11D3-BF4B-00C04F79EFBC}") = "E01.FlowerWreaths", "E01.FlowerWreaths\E01.FlowerWreaths.csproj", "{86852532-A712-48A6-A7AA-7702EB2CA37E}"
EndProject
Project("{FAE04EC0-301F-11D3-BF4B-00C04F79EFBC}") = "E02.Bee", "E02.Bee\E02.Bee.csproj", "{FE21A65D-7889-400A-92D8-FEB5C766CA48}"
EndProject
Project("{FAE04EC0-301F-11D3-BF4B-00C04F79EFBC}") = "VetClinic", "VetClinic\VetClinic.csproj", "{ED8F4770-44C3-4215-8B49-27B530FD0BC6}"
EndProject
Project("{FAE04EC0-301F-11D3-BF4B-00C04F79EFBC}") = "StockMarket", "StockMarket\StockMarket.csproj", "{B3DE6F09-3C6B-4807-B275-25A5A4CCD4A2}"
EndProject
Global
	GlobalSection(SolutionConfigurationPlatforms) = preSolution
		Debug|Any CPU = Debug|Any CPU
		Release|Any CPU = Release|Any CPU
	EndGlobalSection
	GlobalSection(ProjectConfigurationPlatforms) = postSolution
		{C24ABA1F-F918-4803-AFDB-81C1EBD73B2A}.Debug|Any CPU.ActiveCfg = Debug|Any CPU
		{C24ABA1F-F918-4803-AFDB-81C1EBD73B2A}.Debug|Any CPU.Build.0 = Debug|Any CPU
		{C24ABA1F-F918-4803-AFDB-81C1EBD73B2A}.Release|Any CPU.ActiveCfg = Release|Any CPU
		{C24ABA1F-F918-4803-AFDB-81C1EBD73B2A}.Release|Any CPU.Build.0 = Release|Any CPU
		{228E2B61-4A76-4C47-99E6-55810011FE35}.Debug|Any CPU.ActiveCfg = Debug|Any CPU
		{228E2B61-4A76-4C47-99E6-55810011FE35}.Debug|Any CPU.Build.0 = Debug|Any CPU
		{228E2B61-4A76-4C47-99E6-55810011FE35}.Release|Any CPU.ActiveCfg = Release|Any CPU
		{228E2B61-4A76-4C47-99E6-55810011FE35}.Release|Any CPU.Build.0 = Release|Any CPU
		{D1626824-65B9-4519-8C9D-E82DAC30EE83}.Debug|Any CPU.ActiveCfg = Debug|Any CPU
		{D1626824-65B9-4519-8C9D-E82DAC30EE83}.Debug|Any CPU.Build.0 = Debug|Any CPU
		{D1626824-65B9-4519-8C9D-E82DAC30EE83}.Release|Any CPU.ActiveCfg = Release|Any CPU
		{D1626824-65B9-4519-8C9D-E82DAC30EE83}.Release|Any CPU.Build.0 = Release|Any CPU
		{E5CFBAB6-7707-4BF7-A5FB-BE03DC28AD4F}.Debug|Any CPU.ActiveCfg = Debug|Any CPU
		{E5CFBAB6-7707-4BF7-A5FB-BE03DC28AD4F}.Debug|Any CPU.Build.0 = Debug|Any CPU
		{E5CFBAB6-7707-4BF7-A5FB-BE03DC28AD4F}.Release|Any CPU.ActiveCfg = Release|Any CPU
		{E5CFBAB6-7707-4BF7-A5FB-BE03DC28AD4F}.Release|Any CPU.Build.0 = Release|Any CPU
		{6D7DE030-81E3-44F6-BD31-A7282EC6D782}.Debug|Any CPU.ActiveCfg = Debug|Any CPU
		{6D7DE030-81E3-44F6-BD31-A7282EC6D782}.Debug|Any CPU.Build.0 = Debug|Any CPU
		{6D7DE030-81E3-44F6-BD31-A7282EC6D782}.Release|Any CPU.ActiveCfg = Release|Any CPU
		{6D7DE030-81E3-44F6-BD31-A7282EC6D782}.Release|Any CPU.Build.0 = Release|Any CPU
		{6BD7BA5F-A358-485D-9402-EBA58174C181}.Debug|Any CPU.ActiveCfg = Debug|Any CPU
		{6BD7BA5F-A358-485D-9402-EBA58174C181}.Debug|Any CPU.Build.0 = Debug|Any CPU
		{6BD7BA5F-A358-485D-9402-EBA58174C181}.Release|Any CPU.ActiveCfg = Release|Any CPU
		{6BD7BA5F-A358-485D-9402-EBA58174C181}.Release|Any CPU.Build.0 = Release|Any CPU
		{90720DB6-13B5-44AD-8AE7-3D949F9BB6C9}.Debug|Any CPU.ActiveCfg = Debug|Any CPU
		{90720DB6-13B5-44AD-8AE7-3D949F9BB6C9}.Debug|Any CPU.Build.0 = Debug|Any CPU
		{90720DB6-13B5-44AD-8AE7-3D949F9BB6C9}.Release|Any CPU.ActiveCfg = Release|Any CPU
		{90720DB6-13B5-44AD-8AE7-3D949F9BB6C9}.Release|Any CPU.Build.0 = Release|Any CPU
		{F2B0D55F-1A46-4FB7-8730-7976F91ECA2A}.Debug|Any CPU.ActiveCfg = Debug|Any CPU
		{F2B0D55F-1A46-4FB7-8730-7976F91ECA2A}.Debug|Any CPU.Build.0 = Debug|Any CPU
		{F2B0D55F-1A46-4FB7-8730-7976F91ECA2A}.Release|Any CPU.ActiveCfg = Release|Any CPU
		{F2B0D55F-1A46-4FB7-8730-7976F91ECA2A}.Release|Any CPU.Build.0 = Release|Any CPU
		{B7933841-4B8D-495A-8231-AE12C5BF7C82}.Debug|Any CPU.ActiveCfg = Debug|Any CPU
		{B7933841-4B8D-495A-8231-AE12C5BF7C82}.Debug|Any CPU.Build.0 = Debug|Any CPU
		{B7933841-4B8D-495A-8231-AE12C5BF7C82}.Release|Any CPU.ActiveCfg = Release|Any CPU
		{B7933841-4B8D-495A-8231-AE12C5BF7C82}.Release|Any CPU.Build.0 = Release|Any CPU
		{FC2C7A67-C304-4032-A107-92FD989DFA31}.Debug|Any CPU.ActiveCfg = Debug|Any CPU
		{FC2C7A67-C304-4032-A107-92FD989DFA31}.Debug|Any CPU.Build.0 = Debug|Any CPU
		{FC2C7A67-C304-4032-A107-92FD989DFA31}.Release|Any CPU.ActiveCfg = Release|Any CPU
		{FC2C7A67-C304-4032-A107-92FD989DFA31}.Release|Any CPU.Build.0 = Release|Any CPU
		{3484910E-2C2D-4221-9CAD-F5046534738D}.Debug|Any CPU.ActiveCfg = Debug|Any CPU
		{3484910E-2C2D-4221-9CAD-F5046534738D}.Debug|Any CPU.Build.0 = Debug|Any CPU
		{3484910E-2C2D-4221-9CAD-F5046534738D}.Release|Any CPU.ActiveCfg = Release|Any CPU
		{3484910E-2C2D-4221-9CAD-F5046534738D}.Release|Any CPU.Build.0 = Release|Any CPU
		{1630B28E-71E1-4205-AC5F-06101B985667}.Debug|Any CPU.ActiveCfg = Debug|Any CPU
		{1630B28E-71E1-4205-AC5F-06101B985667}.Debug|Any CPU.Build.0 = Debug|Any CPU
		{1630B28E-71E1-4205-AC5F-06101B985667}.Release|Any CPU.ActiveCfg = Release|Any CPU
		{1630B28E-71E1-4205-AC5F-06101B985667}.Release|Any CPU.Build.0 = Release|Any CPU
		{8811C9DF-D5E8-43A6-81D8-E6F77EA79A34}.Debug|Any CPU.ActiveCfg = Debug|Any CPU
		{8811C9DF-D5E8-43A6-81D8-E6F77EA79A34}.Debug|Any CPU.Build.0 = Debug|Any CPU
		{8811C9DF-D5E8-43A6-81D8-E6F77EA79A34}.Release|Any CPU.ActiveCfg = Release|Any CPU
		{8811C9DF-D5E8-43A6-81D8-E6F77EA79A34}.Release|Any CPU.Build.0 = Release|Any CPU
		{096F992A-D648-4FE1-94C1-860A08DABAB3}.Debug|Any CPU.ActiveCfg = Debug|Any CPU
		{096F992A-D648-4FE1-94C1-860A08DABAB3}.Debug|Any CPU.Build.0 = Debug|Any CPU
		{096F992A-D648-4FE1-94C1-860A08DABAB3}.Release|Any CPU.ActiveCfg = Release|Any CPU
		{096F992A-D648-4FE1-94C1-860A08DABAB3}.Release|Any CPU.Build.0 = Release|Any CPU
		{136783B4-5A63-4C24-A404-FD34FF005948}.Debug|Any CPU.ActiveCfg = Debug|Any CPU
		{136783B4-5A63-4C24-A404-FD34FF005948}.Debug|Any CPU.Build.0 = Debug|Any CPU
		{136783B4-5A63-4C24-A404-FD34FF005948}.Release|Any CPU.ActiveCfg = Release|Any CPU
		{136783B4-5A63-4C24-A404-FD34FF005948}.Release|Any CPU.Build.0 = Release|Any CPU
		{9F53222C-79B1-41BD-A37B-35E85EBD021F}.Debug|Any CPU.ActiveCfg = Debug|Any CPU
		{9F53222C-79B1-41BD-A37B-35E85EBD021F}.Debug|Any CPU.Build.0 = Debug|Any CPU
		{9F53222C-79B1-41BD-A37B-35E85EBD021F}.Release|Any CPU.ActiveCfg = Release|Any CPU
		{9F53222C-79B1-41BD-A37B-35E85EBD021F}.Release|Any CPU.Build.0 = Release|Any CPU
		{86852532-A712-48A6-A7AA-7702EB2CA37E}.Debug|Any CPU.ActiveCfg = Debug|Any CPU
		{86852532-A712-48A6-A7AA-7702EB2CA37E}.Debug|Any CPU.Build.0 = Debug|Any CPU
		{86852532-A712-48A6-A7AA-7702EB2CA37E}.Release|Any CPU.ActiveCfg = Release|Any CPU
		{86852532-A712-48A6-A7AA-7702EB2CA37E}.Release|Any CPU.Build.0 = Release|Any CPU
		{FE21A65D-7889-400A-92D8-FEB5C766CA48}.Debug|Any CPU.ActiveCfg = Debug|Any CPU
		{FE21A65D-7889-400A-92D8-FEB5C766CA48}.Debug|Any CPU.Build.0 = Debug|Any CPU
		{FE21A65D-7889-400A-92D8-FEB5C766CA48}.Release|Any CPU.ActiveCfg = Release|Any CPU
		{FE21A65D-7889-400A-92D8-FEB5C766CA48}.Release|Any CPU.Build.0 = Release|Any CPU
		{ED8F4770-44C3-4215-8B49-27B530FD0BC6}.Debug|Any CPU.ActiveCfg = Debug|Any CPU
		{ED8F4770-44C3-4215-8B49-27B530FD0BC6}.Debug|Any CPU.Build.0 = Debug|Any CPU
		{ED8F4770-44C3-4215-8B49-27B530FD0BC6}.Release|Any CPU.ActiveCfg = Release|Any CPU
		{ED8F4770-44C3-4215-8B49-27B530FD0BC6}.Release|Any CPU.Build.0 = Release|Any CPU
		{B3DE6F09-3C6B-4807-B275-25A5A4CCD4A2}.Debug|Any CPU.ActiveCfg = Debug|Any CPU
		{B3DE6F09-3C6B-4807-B275-25A5A4CCD4A2}.Debug|Any CPU.Build.0 = Debug|Any CPU
		{B3DE6F09-3C6B-4807-B275-25A5A4CCD4A2}.Release|Any CPU.ActiveCfg = Release|Any CPU
		{B3DE6F09-3C6B-4807-B275-25A5A4CCD4A2}.Release|Any CPU.Build.0 = Release|Any CPU
	EndGlobalSection
	GlobalSection(SolutionProperties) = preSolution
		HideSolutionNode = FALSE
	EndGlobalSection
	GlobalSection(ExtensibilityGlobals) = postSolution
		SolutionGuid = {34392543-A6D1-484F-B7D8-C8A3291FA33A}
	EndGlobalSection
EndGlobal
